
Microsoft Visual Studio Solution File, Format Version 12.00
# Visual Studio 15
VisualStudioVersion = 15.0.27130.2036
MinimumVisualStudioVersion = 10.0.40219.1
Project("{FAE04EC0-301F-11D3-BF4B-00C04F79EFBC}") = "dunwoody_residency", "dunwoody_residency\dunwoody_residency.csproj", "{29093B1E-A128-43DD-9C09-161EA41034F2}"
EndProject
Global
	GlobalSection(SolutionConfigurationPlatforms) = preSolution
		Debug|Any CPU = Debug|Any CPU
		Release|Any CPU = Release|Any CPU
	EndGlobalSection
	GlobalSection(ProjectConfigurationPlatforms) = postSolution
		{29093B1E-A128-43DD-9C09-161EA41034F2}.Debug|Any CPU.ActiveCfg = Debug|Any CPU
		{29093B1E-A128-43DD-9C09-161EA41034F2}.Debug|Any CPU.Build.0 = Debug|Any CPU
		{29093B1E-A128-43DD-9C09-161EA41034F2}.Release|Any CPU.ActiveCfg = Release|Any CPU
		{29093B1E-A128-43DD-9C09-161EA41034F2}.Release|Any CPU.Build.0 = Release|Any CPU
	EndGlobalSection
	GlobalSection(SolutionProperties) = preSolution
		HideSolutionNode = FALSE
	EndGlobalSection
	GlobalSection(ExtensibilityGlobals) = postSolution
		SolutionGuid = {37830531-0C6E-4A49-849D-06FAE4B46A8D}
	EndGlobalSection
EndGlobal
